
Microsoft Visual Studio Solution File, Format Version 12.00
# Visual Studio Version 17
VisualStudioVersion = 17.9.34701.34
MinimumVisualStudioVersion = 10.0.40219.1
Project("{9A19103F-16F7-4668-BE54-9A1E7A4F7556}") = "NhlakaBulkyWebApp", "NhlakaBulkyWebApp\NhlakaBulkyWebApp.csproj", "{7F5D7BCF-22DE-4B8A-BD13-851B944D144D}"
EndProject
Global
	GlobalSection(SolutionConfigurationPlatforms) = preSolution
		Debug|Any CPU = Debug|Any CPU
		Release|Any CPU = Release|Any CPU
	EndGlobalSection
	GlobalSection(ProjectConfigurationPlatforms) = postSolution
		{7F5D7BCF-22DE-4B8A-BD13-851B944D144D}.Debug|Any CPU.ActiveCfg = Debug|Any CPU
		{7F5D7BCF-22DE-4B8A-BD13-851B944D144D}.Debug|Any CPU.Build.0 = Debug|Any CPU
		{7F5D7BCF-22DE-4B8A-BD13-851B944D144D}.Release|Any CPU.ActiveCfg = Release|Any CPU
		{7F5D7BCF-22DE-4B8A-BD13-851B944D144D}.Release|Any CPU.Build.0 = Release|Any CPU
	EndGlobalSection
	GlobalSection(SolutionProperties) = preSolution
		HideSolutionNode = FALSE
	EndGlobalSection
	GlobalSection(ExtensibilityGlobals) = postSolution
		SolutionGuid = {81EDED77-BE34-4630-9980-3A582469EA94}
	EndGlobalSection
EndGlobal
